
Microsoft Visual Studio Solution File, Format Version 12.00
# Visual Studio Version 17
VisualStudioVersion = 17.8.34330.188
MinimumVisualStudioVersion = 10.0.40219.1
Project("{FAE04EC0-301F-11D3-BF4B-00C04F79EFBC}") = "WorldBooksDesktop", "WorldBooksDesktop\WorldBooksDesktop.csproj", "{820B8AB8-6756-493B-B9DE-32F3D255AE48}"
EndProject
Project("{2150E333-8FDC-42A3-9474-1A3956D46DE8}") = "Itens de Solução", "Itens de Solução", "{1A0DD1A6-99EB-459A-B293-6D749953F8AD}"
	ProjectSection(SolutionItems) = preProject
		WorldBooksDesktop\Resources\wb_icon.ico = WorldBooksDesktop\Resources\wb_icon.ico
	EndProjectSection
EndProject
Global
	GlobalSection(SolutionConfigurationPlatforms) = preSolution
		Debug|Any CPU = Debug|Any CPU
		Release|Any CPU = Release|Any CPU
	EndGlobalSection
	GlobalSection(ProjectConfigurationPlatforms) = postSolution
		{820B8AB8-6756-493B-B9DE-32F3D255AE48}.Debug|Any CPU.ActiveCfg = Debug|Any CPU
		{820B8AB8-6756-493B-B9DE-32F3D255AE48}.Debug|Any CPU.Build.0 = Debug|Any CPU
		{820B8AB8-6756-493B-B9DE-32F3D255AE48}.Release|Any CPU.ActiveCfg = Release|Any CPU
		{820B8AB8-6756-493B-B9DE-32F3D255AE48}.Release|Any CPU.Build.0 = Release|Any CPU
	EndGlobalSection
	GlobalSection(SolutionProperties) = preSolution
		HideSolutionNode = FALSE
	EndGlobalSection
	GlobalSection(ExtensibilityGlobals) = postSolution
		SolutionGuid = {805F4FDD-97A9-4078-A112-364BE0502758}
	EndGlobalSection
EndGlobal
